
Microsoft Visual Studio Solution File, Format Version 12.00
# Visual Studio Version 16
VisualStudioVersion = 16.0.29001.49
MinimumVisualStudioVersion = 10.0.40219.1
Project("{9A19103F-16F7-4668-BE54-9A1E7A4F7556}") = "HomeworkClass2", "HomeworkClass2\HomeworkClass2.csproj", "{2FFDDACD-5B6C-4524-942D-2F997F00992A}"
EndProject
Project("{9A19103F-16F7-4668-BE54-9A1E7A4F7556}") = "WebApiApp", "Homework\WebApiApp.csproj", "{3B0F8AD9-279D-4E46-B8B0-FBEDC90C1775}"
EndProject
Global
	GlobalSection(SolutionConfigurationPlatforms) = preSolution
		Debug|Any CPU = Debug|Any CPU
		Release|Any CPU = Release|Any CPU
	EndGlobalSection
	GlobalSection(ProjectConfigurationPlatforms) = postSolution
		{2FFDDACD-5B6C-4524-942D-2F997F00992A}.Debug|Any CPU.ActiveCfg = Debug|Any CPU
		{2FFDDACD-5B6C-4524-942D-2F997F00992A}.Debug|Any CPU.Build.0 = Debug|Any CPU
		{2FFDDACD-5B6C-4524-942D-2F997F00992A}.Release|Any CPU.ActiveCfg = Release|Any CPU
		{2FFDDACD-5B6C-4524-942D-2F997F00992A}.Release|Any CPU.Build.0 = Release|Any CPU
		{3B0F8AD9-279D-4E46-B8B0-FBEDC90C1775}.Debug|Any CPU.ActiveCfg = Debug|Any CPU
		{3B0F8AD9-279D-4E46-B8B0-FBEDC90C1775}.Debug|Any CPU.Build.0 = Debug|Any CPU
		{3B0F8AD9-279D-4E46-B8B0-FBEDC90C1775}.Release|Any CPU.ActiveCfg = Release|Any CPU
		{3B0F8AD9-279D-4E46-B8B0-FBEDC90C1775}.Release|Any CPU.Build.0 = Release|Any CPU
	EndGlobalSection
	GlobalSection(SolutionProperties) = preSolution
		HideSolutionNode = FALSE
	EndGlobalSection
	GlobalSection(ExtensibilityGlobals) = postSolution
		SolutionGuid = {DF4F2B75-CEAE-4B7A-BABF-7531DF7E5BFD}
	EndGlobalSection
EndGlobal
